<?xml version="1.0" encoding="utf-8"?>
<Project ToolsVersion="4.0" xmlns="http://schemas.microsoft.com/developer/msbuild/2003">
  <ItemGroup>
    <Filter Include="Fichiers sources">
      <UniqueIdentifier>{4FC737F1-C7A5-4376-A066-2A32D752A2FF}</UniqueIdentifier>
      <Extensions>cpp;c;cc;cxx;def;odl;idl;hpj;bat;asm;asmx</Extensions>
    </Filter>
    <Filter Include="Fichiers d%27en-tête">
      <UniqueIdentifier>{93995380-89BD-4b04-88EB-625FBE52EBFB}</UniqueIdentifier>
      <Extensions>h;hh;hpp;hxx;hm;inl;inc;ipp;xsd</Extensions>
    </Filter>
    <Filter Include="Fichiers de ressources">
      <UniqueIdentifier>{67DA6AB6-F800-4c08-8B7A-83BB121AAD01}</UniqueIdentifier>
      <Extensions>rc;ico;cur;bmp;dlg;rc2;rct;bin;rgs;gif;jpg;jpeg;jpe;resx;tiff;tif;png;wav;mfcribbon-ms</Extensions>
    </Filter>
  </ItemGroup>
  <ItemGroup>
    <ClCompile Include="index.c">
      <Filter>Fichiers sources</Filter>
    </ClCompile>
    <ClCompile Include="src\create\create_clock.c">
      <Filter>Fichiers sources</Filter>
    </ClCompile>
    <ClCompile Include="src\create\create_music.c">
      <Filter>Fichiers sources</Filter>
    </ClCompile>
    <ClCompile Include="src\create\create_sprite.c">
      <Filter>Fichiers sources</Filter>
    </ClCompile>
    <ClCompile Include="src\create\create_text.c">
      <Filter>Fichiers sources</Filter>
    </ClCompile>
    <ClCompile Include="src\create\rect.c">
      <Filter>Fichiers sources</Filter>
    </ClCompile>
    <ClCompile Include="src\create\start_window.c">
      <Filter>Fichiers sources</Filter>
    </ClCompile>
    <ClCompile Include="src\create\variables.c">
      <Filter>Fichiers sources</Filter>
    </ClCompile>
    <ClCompile Include="src\create\variables_lvl.c">
      <Filter>Fichiers sources</Filter>
    </ClCompile>
    <ClCompile Include="src\game_over\game_over.c">
      <Filter>Fichiers sources</Filter>
    </ClCompile>
    <ClCompile Include="src\game_over\game_over_display.c">
      <Filter>Fichiers sources</Filter>
    </ClCompile>
    <ClCompile Include="src\game_over\move_rect_dog.c">
      <Filter>Fichiers sources</Filter>
    </ClCompile>
    <ClCompile Include="src\levels\dragon_ball\dragon_ball.c">
      <Filter>Fichiers sources</Filter>
    </ClCompile>
    <ClCompile Include="src\levels\dragon_ball\dragon_ball_display.c">
      <Filter>Fichiers sources</Filter>
    </ClCompile>
    <ClCompile Include="src\levels\dragon_ball\dragon_ball_hitbox.c">
      <Filter>Fichiers sources</Filter>
    </ClCompile>
    <ClCompile Include="src\levels\dragon_ball\dragon_ball_params.c">
      <Filter>Fichiers sources</Filter>
    </ClCompile>
    <ClCompile Include="src\levels\dragon_ball\move_rect_goku.c">
      <Filter>Fichiers sources</Filter>
    </ClCompile>
    <ClCompile Include="src\levels\dragon_ball\shenron.c">
      <Filter>Fichiers sources</Filter>
    </ClCompile>
    <ClCompile Include="src\levels\duck\duck.c">
      <Filter>Fichiers sources</Filter>
    </ClCompile>
    <ClCompile Include="src\levels\duck\duck_display.c">
      <Filter>Fichiers sources</Filter>
    </ClCompile>
    <ClCompile Include="src\levels\duck\duck_hitbox.c">
      <Filter>Fichiers sources</Filter>
    </ClCompile>
    <ClCompile Include="src\levels\duck\duck_params.c">
      <Filter>Fichiers sources</Filter>
    </ClCompile>
    <ClCompile Include="src\levels\duck\duck_position.c">
      <Filter>Fichiers sources</Filter>
    </ClCompile>
    <ClCompile Include="src\levels\duck\move_rect_duck.c">
      <Filter>Fichiers sources</Filter>
    </ClCompile>
    <ClCompile Include="src\levels\hell\boss_hitbox.c">
      <Filter>Fichiers sources</Filter>
    </ClCompile>
    <ClCompile Include="src\levels\hell\boss_move.c">
      <Filter>Fichiers sources</Filter>
    </ClCompile>
    <ClCompile Include="src\levels\hell\hell.c">
      <Filter>Fichiers sources</Filter>
    </ClCompile>
    <ClCompile Include="src\levels\hell\hell_display.c">
      <Filter>Fichiers sources</Filter>
    </ClCompile>
    <ClCompile Include="src\levels\hell\hell_params.c">
      <Filter>Fichiers sources</Filter>
    </ClCompile>
    <ClCompile Include="src\levels\hell\move_rect_boss.c">
      <Filter>Fichiers sources</Filter>
    </ClCompile>
    <ClCompile Include="src\menu\menu.c">
      <Filter>Fichiers sources</Filter>
    </ClCompile>
    <ClCompile Include="src\menu\menu_display.c">
      <Filter>Fichiers sources</Filter>
    </ClCompile>
    <ClCompile Include="src\tools\cursor.c">
      <Filter>Fichiers sources</Filter>
    </ClCompile>
    <ClCompile Include="src\tools\cursor_red.c">
      <Filter>Fichiers sources</Filter>
    </ClCompile>
    <ClCompile Include="src\tools\destroy.c">
      <Filter>Fichiers sources</Filter>
    </ClCompile>
    <ClCompile Include="src\my_hunter.c">
      <Filter>Fichiers sources</Filter>
    </ClCompile>
    <ClCompile Include="lib\my\my_convert_char_int.c">
      <Filter>Fichiers sources</Filter>
    </ClCompile>
    <ClCompile Include="lib\my\my_put_nbr.c">
      <Filter>Fichiers sources</Filter>
    </ClCompile>
    <ClCompile Include="lib\my\my_putchar.c">
      <Filter>Fichiers sources</Filter>
    </ClCompile>
    <ClCompile Include="lib\my\my_putnbr_base.c">
      <Filter>Fichiers sources</Filter>
    </ClCompile>
    <ClCompile Include="lib\my\my_putstr.c">
      <Filter>Fichiers sources</Filter>
    </ClCompile>
    <ClCompile Include="lib\my\my_revstr.c">
      <Filter>Fichiers sources</Filter>
    </ClCompile>
    <ClCompile Include="lib\my\my_strlen.c">
      <Filter>Fichiers sources</Filter>
    </ClCompile>
    <ClCompile Include="lib\my\my_strlennbr.c">
      <Filter>Fichiers sources</Filter>
    </ClCompile>
  </ItemGroup>
  <ItemGroup>
    <ClInclude Include="include\lib.h">
      <Filter>Fichiers d%27en-tête</Filter>
    </ClInclude>
    <ClInclude Include="include\my_hunter.h">
      <Filter>Fichiers d%27en-tête</Filter>
    </ClInclude>
    <ClInclude Include="lib\my\lib.h">
      <Filter>Fichiers d%27en-tête</Filter>
    </ClInclude>
    <ClInclude Include="lib\my\my_put_nbr_base.h">
      <Filter>Fichiers d%27en-tête</Filter>
    </ClInclude>
  </ItemGroup>
</Project>